
Microsoft Visual Studio Solution File, Format Version 12.00
# Visual Studio Version 17
VisualStudioVersion = 17.8.34330.188
MinimumVisualStudioVersion = 10.0.40219.1
Project("{9A19103F-16F7-4668-BE54-9A1E7A4F7556}") = "ZoneSpawnCustom", "ZoneSpawnCustom\ZoneSpawnCustom.csproj", "{C3D6979F-85AA-41F4-98CF-E5101E05450C}"
EndProject
Global
	GlobalSection(SolutionConfigurationPlatforms) = preSolution
		Debug|Any CPU = Debug|Any CPU
		Release|Any CPU = Release|Any CPU
	EndGlobalSection
	GlobalSection(ProjectConfigurationPlatforms) = postSolution
		{C3D6979F-85AA-41F4-98CF-E5101E05450C}.Debug|Any CPU.ActiveCfg = Debug|Any CPU
		{C3D6979F-85AA-41F4-98CF-E5101E05450C}.Debug|Any CPU.Build.0 = Debug|Any CPU
		{C3D6979F-85AA-41F4-98CF-E5101E05450C}.Release|Any CPU.ActiveCfg = Release|Any CPU
		{C3D6979F-85AA-41F4-98CF-E5101E05450C}.Release|Any CPU.Build.0 = Release|Any CPU
	EndGlobalSection
	GlobalSection(SolutionProperties) = preSolution
		HideSolutionNode = FALSE
	EndGlobalSection
	GlobalSection(ExtensibilityGlobals) = postSolution
		SolutionGuid = {D6531280-AA6A-40A1-A68D-79089B60C214}
	EndGlobalSection
EndGlobal
